
Microsoft Visual Studio Solution File, Format Version 12.00
# Visual Studio Version 16
VisualStudioVersion = 16.0.32126.315
MinimumVisualStudioVersion = 10.0.40219.1
Project("{FAE04EC0-301F-11D3-BF4B-00C04F79EFBC}") = "UsingCallback", "UsingCallback.csproj", "{261659FD-B1FF-4724-B4B3-77DF4689C954}"
EndProject
Project("{FAE04EC0-301F-11D3-BF4B-00C04F79EFBC}") = "EventTest", "..\EventTest\EventTest.csproj", "{B0133F20-A403-4AF3-83AC-A4BA3788286B}"
EndProject
Global
	GlobalSection(SolutionConfigurationPlatforms) = preSolution
		Debug|Any CPU = Debug|Any CPU
		Release|Any CPU = Release|Any CPU
	EndGlobalSection
	GlobalSection(ProjectConfigurationPlatforms) = postSolution
		{261659FD-B1FF-4724-B4B3-77DF4689C954}.Debug|Any CPU.ActiveCfg = Debug|Any CPU
		{261659FD-B1FF-4724-B4B3-77DF4689C954}.Debug|Any CPU.Build.0 = Debug|Any CPU
		{261659FD-B1FF-4724-B4B3-77DF4689C954}.Release|Any CPU.ActiveCfg = Release|Any CPU
		{261659FD-B1FF-4724-B4B3-77DF4689C954}.Release|Any CPU.Build.0 = Release|Any CPU
		{B0133F20-A403-4AF3-83AC-A4BA3788286B}.Debug|Any CPU.ActiveCfg = Debug|Any CPU
		{B0133F20-A403-4AF3-83AC-A4BA3788286B}.Debug|Any CPU.Build.0 = Debug|Any CPU
		{B0133F20-A403-4AF3-83AC-A4BA3788286B}.Release|Any CPU.ActiveCfg = Release|Any CPU
		{B0133F20-A403-4AF3-83AC-A4BA3788286B}.Release|Any CPU.Build.0 = Release|Any CPU
	EndGlobalSection
	GlobalSection(SolutionProperties) = preSolution
		HideSolutionNode = FALSE
	EndGlobalSection
	GlobalSection(ExtensibilityGlobals) = postSolution
		SolutionGuid = {E18FC805-F514-4C30-8E63-F0AF31C681F5}
	EndGlobalSection
EndGlobal
